# THIS IS AN AUTOGENERATED FILE. DO NOT EDIT THIS FILE DIRECTLY.
# yarn lockfile v1


bootstrap@4.0.0-alpha.6:
  version "4.0.0-alpha.6"
  resolved "https://registry.yarnpkg.com/bootstrap/-/bootstrap-4.0.0-alpha.6.tgz#4f54dd33ac0deac3b28407bc2df7ec608869c9c8"
  dependencies:
    jquery ">=1.9.1"
    tether "^1.4.0"

jquery@>=1.9.1, jquery@^3.4.0:
  version "3.4.0"
  resolved "https://registry.yarnpkg.com/jquery/-/jquery-3.4.0.tgz#8de513fa0fa4b2c7d2e48a530e26f0596936efdf"

popper.js@^1.12.3:
  version "1.13.0"
  resolved "https://registry.yarnpkg.com/popper.js/-/popper.js-1.13.0.tgz#e1e7ff65cc43f7cf9cf16f1510a75e81f84f4565"

tether@^1.4.0:
  version "1.4.3"
  resolved "https://registry.yarnpkg.com/tether/-/tether-1.4.3.tgz#fd547024c47b6e5c9b87e1880f997991a9a6ad54"
